
Microsoft Visual Studio Solution File, Format Version 12.00
# Visual Studio Version 16
VisualStudioVersion = 16.0.29503.13
MinimumVisualStudioVersion = 10.0.40219.1
Project("{FAE04EC0-301F-11D3-BF4B-00C04F79EFBC}") = "RegisterUniversity", "RegisterUniversity\RegisterUniversity.csproj", "{7CCE2F4D-0609-4B82-9B86-62F32C64B192}"
EndProject
Global
	GlobalSection(SolutionConfigurationPlatforms) = preSolution
		Debug|Any CPU = Debug|Any CPU
		Release|Any CPU = Release|Any CPU
	EndGlobalSection
	GlobalSection(ProjectConfigurationPlatforms) = postSolution
		{7CCE2F4D-0609-4B82-9B86-62F32C64B192}.Debug|Any CPU.ActiveCfg = Debug|Any CPU
		{7CCE2F4D-0609-4B82-9B86-62F32C64B192}.Debug|Any CPU.Build.0 = Debug|Any CPU
		{7CCE2F4D-0609-4B82-9B86-62F32C64B192}.Release|Any CPU.ActiveCfg = Release|Any CPU
		{7CCE2F4D-0609-4B82-9B86-62F32C64B192}.Release|Any CPU.Build.0 = Release|Any CPU
	EndGlobalSection
	GlobalSection(SolutionProperties) = preSolution
		HideSolutionNode = FALSE
	EndGlobalSection
	GlobalSection(ExtensibilityGlobals) = postSolution
		SolutionGuid = {8134C262-3442-4B51-8681-E056CF00FDF2}
	EndGlobalSection
EndGlobal
